
Microsoft Visual Studio Solution File, Format Version 12.00
# Visual Studio Version 17
VisualStudioVersion = 17.3.32901.215
MinimumVisualStudioVersion = 10.0.40219.1
Project("{9A19103F-16F7-4668-BE54-9A1E7A4F7556}") = "MusicStore", "MusicStore\MusicStore.csproj", "{9DBEFD7E-95A6-4419-9D66-29F4C5B0614B}"
EndProject
Project("{FAE04EC0-301F-11D3-BF4B-00C04F79EFBC}") = "Unittests", "Unittests\Unittests.csproj", "{5E4B43CB-8A62-41B8-8529-CCB7FFAB270F}"
EndProject
Global
	GlobalSection(SolutionConfigurationPlatforms) = preSolution
		Debug|Any CPU = Debug|Any CPU
		Release|Any CPU = Release|Any CPU
	EndGlobalSection
	GlobalSection(ProjectConfigurationPlatforms) = postSolution
		{9DBEFD7E-95A6-4419-9D66-29F4C5B0614B}.Debug|Any CPU.ActiveCfg = Debug|Any CPU
		{9DBEFD7E-95A6-4419-9D66-29F4C5B0614B}.Debug|Any CPU.Build.0 = Debug|Any CPU
		{9DBEFD7E-95A6-4419-9D66-29F4C5B0614B}.Release|Any CPU.ActiveCfg = Release|Any CPU
		{9DBEFD7E-95A6-4419-9D66-29F4C5B0614B}.Release|Any CPU.Build.0 = Release|Any CPU
		{5E4B43CB-8A62-41B8-8529-CCB7FFAB270F}.Debug|Any CPU.ActiveCfg = Debug|Any CPU
		{5E4B43CB-8A62-41B8-8529-CCB7FFAB270F}.Debug|Any CPU.Build.0 = Debug|Any CPU
		{5E4B43CB-8A62-41B8-8529-CCB7FFAB270F}.Release|Any CPU.ActiveCfg = Release|Any CPU
		{5E4B43CB-8A62-41B8-8529-CCB7FFAB270F}.Release|Any CPU.Build.0 = Release|Any CPU
	EndGlobalSection
	GlobalSection(SolutionProperties) = preSolution
		HideSolutionNode = FALSE
	EndGlobalSection
	GlobalSection(ExtensibilityGlobals) = postSolution
		SolutionGuid = {E5426330-4426-4F85-8D34-8B18C242DC31}
	EndGlobalSection
EndGlobal
